
Microsoft Visual Studio Solution File, Format Version 12.00
# Visual Studio 2013
VisualStudioVersion = 12.0.21005.1
MinimumVisualStudioVersion = 10.0.40219.1
Project("{FAE04EC0-301F-11D3-BF4B-00C04F79EFBC}") = "CSMS.CSMSSDK.Roslyn", "CSMS.CSMSSDK.Roslyn\CSMS.CSMSSDK.Roslyn.csproj", "{92880B0D-B65A-4A48-995F-61F0CCFA5CF2}"
EndProject
Global
	GlobalSection(TeamFoundationVersionControl) = preSolution
		SccNumberOfProjects = 2
		SccEnterpriseProvider = {4CA58AB2-18FA-4F8D-95D4-32DDF27D184C}
		SccTeamFoundationServer = https://zenoware.visualstudio.com/defaultcollection
		SccLocalPath0 = .
		SccProjectUniqueName1 = CSMS.CSMSSDK.Roslyn\\CSMS.CSMSSDK.Roslyn.csproj
		SccProjectName1 = CSMS.CSMSSDK.Roslyn
		SccLocalPath1 = CSMS.CSMSSDK.Roslyn
	EndGlobalSection
	GlobalSection(SolutionConfigurationPlatforms) = preSolution
		Debug|Any CPU = Debug|Any CPU
		Release|Any CPU = Release|Any CPU
	EndGlobalSection
	GlobalSection(ProjectConfigurationPlatforms) = postSolution
		{92880B0D-B65A-4A48-995F-61F0CCFA5CF2}.Debug|Any CPU.ActiveCfg = Debug|Any CPU
		{92880B0D-B65A-4A48-995F-61F0CCFA5CF2}.Debug|Any CPU.Build.0 = Debug|Any CPU
		{92880B0D-B65A-4A48-995F-61F0CCFA5CF2}.Release|Any CPU.ActiveCfg = Release|Any CPU
		{92880B0D-B65A-4A48-995F-61F0CCFA5CF2}.Release|Any CPU.Build.0 = Release|Any CPU
	EndGlobalSection
	GlobalSection(SolutionProperties) = preSolution
		HideSolutionNode = FALSE
	EndGlobalSection
EndGlobal
